
Microsoft Visual Studio Solution File, Format Version 12.00
# Visual Studio Version 17
VisualStudioVersion = 17.5.002.0
MinimumVisualStudioVersion = 10.0.40219.1
Project("{9A19103F-16F7-4668-BE54-9A1E7A4F7556}") = "HomeWorks_1", "HomeWorks_1.csproj", "{EFF863C3-0644-4B27-AA6B-8C336DD17302}"
EndProject
Global
	GlobalSection(SolutionConfigurationPlatforms) = preSolution
		Debug|Any CPU = Debug|Any CPU
		Release|Any CPU = Release|Any CPU
	EndGlobalSection
	GlobalSection(ProjectConfigurationPlatforms) = postSolution
		{EFF863C3-0644-4B27-AA6B-8C336DD17302}.Debug|Any CPU.ActiveCfg = Debug|Any CPU
		{EFF863C3-0644-4B27-AA6B-8C336DD17302}.Debug|Any CPU.Build.0 = Debug|Any CPU
		{EFF863C3-0644-4B27-AA6B-8C336DD17302}.Release|Any CPU.ActiveCfg = Release|Any CPU
		{EFF863C3-0644-4B27-AA6B-8C336DD17302}.Release|Any CPU.Build.0 = Release|Any CPU
	EndGlobalSection
	GlobalSection(SolutionProperties) = preSolution
		HideSolutionNode = FALSE
	EndGlobalSection
	GlobalSection(ExtensibilityGlobals) = postSolution
		SolutionGuid = {02A1B598-48F9-47C3-A66B-32F8C4D59E3F}
	EndGlobalSection
EndGlobal
