
Microsoft Visual Studio Solution File, Format Version 12.00
# Visual Studio Version 17
VisualStudioVersion = 17.0.31903.59
MinimumVisualStudioVersion = 10.0.40219.1
Project("{FAE04EC0-301F-11D3-BF4B-00C04F79EFBC}") = "HomeWorks_14", "HomeWorks_14\HomeWorks_14.csproj", "{6CCF3551-6D1E-4933-BCEA-9E61F96361B3}"
EndProject
Global
	GlobalSection(SolutionConfigurationPlatforms) = preSolution
		Debug|Any CPU = Debug|Any CPU
		Release|Any CPU = Release|Any CPU
	EndGlobalSection
	GlobalSection(SolutionProperties) = preSolution
		HideSolutionNode = FALSE
	EndGlobalSection
	GlobalSection(ProjectConfigurationPlatforms) = postSolution
		{6CCF3551-6D1E-4933-BCEA-9E61F96361B3}.Debug|Any CPU.ActiveCfg = Debug|Any CPU
		{6CCF3551-6D1E-4933-BCEA-9E61F96361B3}.Debug|Any CPU.Build.0 = Debug|Any CPU
		{6CCF3551-6D1E-4933-BCEA-9E61F96361B3}.Release|Any CPU.ActiveCfg = Release|Any CPU
		{6CCF3551-6D1E-4933-BCEA-9E61F96361B3}.Release|Any CPU.Build.0 = Release|Any CPU
	EndGlobalSection
EndGlobal
